
Microsoft Visual Studio Solution File, Format Version 12.00
# Visual Studio Version 16
VisualStudioVersion = 16.0.31321.278
MinimumVisualStudioVersion = 10.0.40219.1
Project("{FAE04EC0-301F-11D3-BF4B-00C04F79EFBC}") = "Jlopushok", "Jlopushok\Jlopushok.csproj", "{87D8FDCE-221F-4567-B4FE-50AF7F34ABD0}"
EndProject
Global
	GlobalSection(SolutionConfigurationPlatforms) = preSolution
		Debug|Any CPU = Debug|Any CPU
		Release|Any CPU = Release|Any CPU
	EndGlobalSection
	GlobalSection(ProjectConfigurationPlatforms) = postSolution
		{87D8FDCE-221F-4567-B4FE-50AF7F34ABD0}.Debug|Any CPU.ActiveCfg = Debug|Any CPU
		{87D8FDCE-221F-4567-B4FE-50AF7F34ABD0}.Debug|Any CPU.Build.0 = Debug|Any CPU
		{87D8FDCE-221F-4567-B4FE-50AF7F34ABD0}.Release|Any CPU.ActiveCfg = Release|Any CPU
		{87D8FDCE-221F-4567-B4FE-50AF7F34ABD0}.Release|Any CPU.Build.0 = Release|Any CPU
	EndGlobalSection
	GlobalSection(SolutionProperties) = preSolution
		HideSolutionNode = FALSE
	EndGlobalSection
	GlobalSection(ExtensibilityGlobals) = postSolution
		SolutionGuid = {3AEE4E97-4393-43B6-9A4D-9ACF9E1240BC}
	EndGlobalSection
EndGlobal
